
Microsoft Visual Studio Solution File, Format Version 12.00
# Visual Studio Version 17
VisualStudioVersion = 17.2.32526.322
MinimumVisualStudioVersion = 10.0.40219.1
Project("{FAE04EC0-301F-11D3-BF4B-00C04F79EFBC}") = "Csharp", "Csharp\Csharp.csproj", "{C6CA6129-1309-4833-8EF5-F77EB3ECFA61}"
EndProject
Global
	GlobalSection(SolutionConfigurationPlatforms) = preSolution
		Debug|Any CPU = Debug|Any CPU
		Debug|x64 = Debug|x64
		Release|Any CPU = Release|Any CPU
		Release|x64 = Release|x64
	EndGlobalSection
	GlobalSection(ProjectConfigurationPlatforms) = postSolution
		{C6CA6129-1309-4833-8EF5-F77EB3ECFA61}.Debug|Any CPU.ActiveCfg = Debug|Any CPU
		{C6CA6129-1309-4833-8EF5-F77EB3ECFA61}.Debug|Any CPU.Build.0 = Debug|Any CPU
		{C6CA6129-1309-4833-8EF5-F77EB3ECFA61}.Debug|x64.ActiveCfg = Debug|x64
		{C6CA6129-1309-4833-8EF5-F77EB3ECFA61}.Debug|x64.Build.0 = Debug|x64
		{C6CA6129-1309-4833-8EF5-F77EB3ECFA61}.Release|Any CPU.ActiveCfg = Release|Any CPU
		{C6CA6129-1309-4833-8EF5-F77EB3ECFA61}.Release|Any CPU.Build.0 = Release|Any CPU
		{C6CA6129-1309-4833-8EF5-F77EB3ECFA61}.Release|x64.ActiveCfg = Release|x64
		{C6CA6129-1309-4833-8EF5-F77EB3ECFA61}.Release|x64.Build.0 = Release|x64
	EndGlobalSection
	GlobalSection(SolutionProperties) = preSolution
		HideSolutionNode = FALSE
	EndGlobalSection
	GlobalSection(ExtensibilityGlobals) = postSolution
		SolutionGuid = {7C7D4518-87C3-400E-B451-980AF835A651}
	EndGlobalSection
EndGlobal
